// !$*UTF8*$!
{
	archiveVersion = 1;
	classes = {
	};
	objectVersion = 56;
	objects = {

/* Begin PBXBuildFile section */
		5A3D4D3E2AC6EB3000F4F943 /* CategoryCollectionViewCell.swift in Sources */ = {isa = PBXBuildFile; fileRef = 5A3D4D3D2AC6EB3000F4F943 /* CategoryCollectionViewCell.swift */; };
		5A41BCDA2AC84DE20031DA27 /* NunitoSans-VariableFont.ttf in Resources */ = {isa = PBXBuildFile; fileRef = 5A41BCD92AC84DE10031DA27 /* NunitoSans-VariableFont.ttf */; };
		5A7A6F682AC4541000BFA09F /* SliderCollectionViewCell.swift in Sources */ = {isa = PBXBuildFile; fileRef = 5A7A6F672AC4541000BFA09F /* SliderCollectionViewCell.swift */; };
		5A8B62AD2AC6E56400750437 /* CategoryModel.swift in Sources */ = {isa = PBXBuildFile; fileRef = 5A8B62AC2AC6E56400750437 /* CategoryModel.swift */; };
		5A9B76542AC30C7400E77749 /* AppDelegate.swift in Sources */ = {isa = PBXBuildFile; fileRef = 5A9B76532AC30C7400E77749 /* AppDelegate.swift */; };
		5A9B76562AC30C7400E77749 /* SceneDelegate.swift in Sources */ = {isa = PBXBuildFile; fileRef = 5A9B76552AC30C7400E77749 /* SceneDelegate.swift */; };
		5A9B76582AC30C7400E77749 /* HomeViewController.swift in Sources */ = {isa = PBXBuildFile; fileRef = 5A9B76572AC30C7400E77749 /* HomeViewController.swift */; };
		5A9B765B2AC30C7400E77749 /* Main.storyboard in Resources */ = {isa = PBXBuildFile; fileRef = 5A9B76592AC30C7400E77749 /* Main.storyboard */; };
		5A9B765D2AC30C7500E77749 /* Assets.xcassets in Resources */ = {isa = PBXBuildFile; fileRef = 5A9B765C2AC30C7500E77749 /* Assets.xcassets */; };
		5A9B76602AC30C7500E77749 /* LaunchScreen.storyboard in Resources */ = {isa = PBXBuildFile; fileRef = 5A9B765E2AC30C7500E77749 /* LaunchScreen.storyboard */; };
		5AB89DCB2AC5ACC400A65277 /* BundleCollectionViewCell.swift in Sources */ = {isa = PBXBuildFile; fileRef = 5AB89DCA2AC5ACC400A65277 /* BundleCollectionViewCell.swift */; };
		5AB89DCE2AC5ACF800A65277 /* BundleModel.swift in Sources */ = {isa = PBXBuildFile; fileRef = 5AB89DCD2AC5ACF800A65277 /* BundleModel.swift */; };
/* End PBXBuildFile section */

/* Begin PBXFileReference section */
		5A3D4D3D2AC6EB3000F4F943 /* CategoryCollectionViewCell.swift */ = {isa = PBXFileReference; lastKnownFileType = sourcecode.swift; path = CategoryCollectionViewCell.swift; sourceTree = "<group>"; };
		5A41BCD92AC84DE10031DA27 /* NunitoSans-VariableFont.ttf */ = {isa = PBXFileReference; lastKnownFileType = file; path = "NunitoSans-VariableFont.ttf"; sourceTree = "<group>"; };
		5A7A6F672AC4541000BFA09F /* SliderCollectionViewCell.swift */ = {isa = PBXFileReference; lastKnownFileType = sourcecode.swift; path = SliderCollectionViewCell.swift; sourceTree = "<group>"; };
		5A8B62AC2AC6E56400750437 /* CategoryModel.swift */ = {isa = PBXFileReference; lastKnownFileType = sourcecode.swift; path = CategoryModel.swift; sourceTree = "<group>"; };
		5A9B76502AC30C7400E77749 /* IsteGelsinClone.app */ = {isa = PBXFileReference; explicitFileType = wrapper.application; includeInIndex = 0; path = IsteGelsinClone.app; sourceTree = BUILT_PRODUCTS_DIR; };
		5A9B76532AC30C7400E77749 /* AppDelegate.swift */ = {isa = PBXFileReference; lastKnownFileType = sourcecode.swift; path = AppDelegate.swift; sourceTree = "<group>"; };
		5A9B76552AC30C7400E77749 /* SceneDelegate.swift */ = {isa = PBXFileReference; lastKnownFileType = sourcecode.swift; path = SceneDelegate.swift; sourceTree = "<group>"; };
		5A9B76572AC30C7400E77749 /* HomeViewController.swift */ = {isa = PBXFileReference; lastKnownFileType = sourcecode.swift; path = HomeViewController.swift; sourceTree = "<group>"; };
		5A9B765A2AC30C7400E77749 /* Base */ = {isa = PBXFileReference; lastKnownFileType = file.storyboard; name = Base; path = Base.lproj/Main.storyboard; sourceTree = "<group>"; };
		5A9B765C2AC30C7500E77749 /* Assets.xcassets */ = {isa = PBXFileReference; lastKnownFileType = folder.assetcatalog; path = Assets.xcassets; sourceTree = "<group>"; };
		5A9B765F2AC30C7500E77749 /* Base */ = {isa = PBXFileReference; lastKnownFileType = file.storyboard; name = Base; path = Base.lproj/LaunchScreen.storyboard; sourceTree = "<group>"; };
		5A9B76612AC30C7500E77749 /* Info.plist */ = {isa = PBXFileReference; lastKnownFileType = text.plist.xml; path = Info.plist; sourceTree = "<group>"; };
		5AB89DCA2AC5ACC400A65277 /* BundleCollectionViewCell.swift */ = {isa = PBXFileReference; lastKnownFileType = sourcecode.swift; path = BundleCollectionViewCell.swift; sourceTree = "<group>"; };
		5AB89DCD2AC5ACF800A65277 /* BundleModel.swift */ = {isa = PBXFileReference; lastKnownFileType = sourcecode.swift; path = BundleModel.swift; sourceTree = "<group>"; };
/* End PBXFileReference section */

/* Begin PBXFrameworksBuildPhase section */
		5A9B764D2AC30C7400E77749 /* Frameworks */ = {
			isa = PBXFrameworksBuildPhase;
			buildActionMask = 2147483647;
			files = (
			);
			runOnlyForDeploymentPostprocessing = 0;
		};
/* End PBXFrameworksBuildPhase section */

/* Begin PBXGroup section */
		5A9B76472AC30C7400E77749 = {
			isa = PBXGroup;
			children = (
				5A9B76522AC30C7400E77749 /* IsteGelsinClone */,
				5A9B76512AC30C7400E77749 /* Products */,
			);
			sourceTree = "<group>";
		};
		5A9B76512AC30C7400E77749 /* Products */ = {
			isa = PBXGroup;
			children = (
				5A9B76502AC30C7400E77749 /* IsteGelsinClone.app */,
			);
			name = Products;
			sourceTree = "<group>";
		};
		5A9B76522AC30C7400E77749 /* IsteGelsinClone */ = {
			isa = PBXGroup;
			children = (
				5A9B76532AC30C7400E77749 /* AppDelegate.swift */,
				5A9B76552AC30C7400E77749 /* SceneDelegate.swift */,
				5A9B76572AC30C7400E77749 /* HomeViewController.swift */,
				5AB89DCD2AC5ACF800A65277 /* BundleModel.swift */,
				5A8B62AC2AC6E56400750437 /* CategoryModel.swift */,
				5AB89DCC2AC5ACCF00A65277 /* Cell */,
				5A9B76592AC30C7400E77749 /* Main.storyboard */,
				5A9B765C2AC30C7500E77749 /* Assets.xcassets */,
				5A9B765E2AC30C7500E77749 /* LaunchScreen.storyboard */,
				5A9B76612AC30C7500E77749 /* Info.plist */,
				5A41BCD92AC84DE10031DA27 /* NunitoSans-VariableFont.ttf */,
			);
			path = IsteGelsinClone;
			sourceTree = "<group>";
		};
		5AB89DCC2AC5ACCF00A65277 /* Cell */ = {
			isa = PBXGroup;
			children = (
				5A7A6F672AC4541000BFA09F /* SliderCollectionViewCell.swift */,
				5AB89DCA2AC5ACC400A65277 /* BundleCollectionViewCell.swift */,
				5A3D4D3D2AC6EB3000F4F943 /* CategoryCollectionViewCell.swift */,
			);
			path = Cell;
			sourceTree = "<group>";
		};
/* End PBXGroup section */

/* Begin PBXNativeTarget section */
		5A9B764F2AC30C7400E77749 /* IsteGelsinClone */ = {
			isa = PBXNativeTarget;
			buildConfigurationList = 5A9B76642AC30C7500E77749 /* Build configuration list for PBXNativeTarget "IsteGelsinClone" */;
			buildPhases = (
				5A9B764C2AC30C7400E77749 /* Sources */,
				5A9B764D2AC30C7400E77749 /* Frameworks */,
				5A9B764E2AC30C7400E77749 /* Resources */,
			);
			buildRules = (
			);
			dependencies = (
			);
			name = IsteGelsinClone;
			productName = IsteGelsinClone;
			productReference = 5A9B76502AC30C7400E77749 /* IsteGelsinClone.app */;
			productType = "com.apple.product-type.application";
		};
/* End PBXNativeTarget section */

/* Begin PBXProject section */
		5A9B76482AC30C7400E77749 /* Project object */ = {
			isa = PBXProject;
			attributes = {
				BuildIndependentTargetsInParallel = 1;
				LastSwiftUpdateCheck = 1430;
				LastUpgradeCheck = 1430;
				TargetAttributes = {
					5A9B764F2AC30C7400E77749 = {
						CreatedOnToolsVersion = 14.3.1;
					};
				};
			};
			buildConfigurationList = 5A9B764B2AC30C7400E77749 /* Build configuration list for PBXProject "IsteGelsinClone" */;
			compatibilityVersion = "Xcode 14.0";
			developmentRegion = en;
			hasScannedForEncodings = 0;
			knownRegions = (
				en,
				Base,
			);
			mainGroup = 5A9B76472AC30C7400E77749;
			productRefGroup = 5A9B76512AC30C7400E77749 /* Products */;
			projectDirPath = "";
			projectRoot = "";
			targets = (
				5A9B764F2AC30C7400E77749 /* IsteGelsinClone */,
			);
		};
/* End PBXProject section */

/* Begin PBXResourcesBuildPhase section */
		5A9B764E2AC30C7400E77749 /* Resources */ = {
			isa = PBXResourcesBuildPhase;
			buildActionMask = 2147483647;
			files = (
				5A9B76602AC30C7500E77749 /* LaunchScreen.storyboard in Resources */,
				5A9B765D2AC30C7500E77749 /* Assets.xcassets in Resources */,
				5A9B765B2AC30C7400E77749 /* Main.storyboard in Resources */,
				5A41BCDA2AC84DE20031DA27 /* NunitoSans-VariableFont.ttf in Resources */,
			);
			runOnlyForDeploymentPostprocessing = 0;
		};
/* End PBXResourcesBuildPhase section */

/* Begin PBXSourcesBuildPhase section */
		5A9B764C2AC30C7400E77749 /* Sources */ = {
			isa = PBXSourcesBuildPhase;
			buildActionMask = 2147483647;
			files = (
				5A3D4D3E2AC6EB3000F4F943 /* CategoryCollectionViewCell.swift in Sources */,
				5A9B76582AC30C7400E77749 /* HomeViewController.swift in Sources */,
				5AB89DCE2AC5ACF800A65277 /* BundleModel.swift in Sources */,
				5A9B76542AC30C7400E77749 /* AppDelegate.swift in Sources */,
				5A9B76562AC30C7400E77749 /* SceneDelegate.swift in Sources */,
				5A8B62AD2AC6E56400750437 /* CategoryModel.swift in Sources */,
				5A7A6F682AC4541000BFA09F /* SliderCollectionViewCell.swift in Sources */,
				5AB89DCB2AC5ACC400A65277 /* BundleCollectionViewCell.swift in Sources */,
			);
			runOnlyForDeploymentPostprocessing = 0;
		};
/* End PBXSourcesBuildPhase section */

/* Begin PBXVariantGroup section */
		5A9B76592AC30C7400E77749 /* Main.storyboard */ = {
			isa = PBXVariantGroup;
			children = (
				5A9B765A2AC30C7400E77749 /* Base */,
			);
			name = Main.storyboard;
			sourceTree = "<group>";
		};
		5A9B765E2AC30C7500E77749 /* LaunchScreen.storyboard */ = {
			isa = PBXVariantGroup;
			children = (
				5A9B765F2AC30C7500E77749 /* Base */,
			);
			name = LaunchScreen.storyboard;
			sourceTree = "<group>";
		};
/* End PBXVariantGroup section */

/* Begin XCBuildConfiguration section */
		5A9B76622AC30C7500E77749 /* Debug */ = {
			isa = XCBuildConfiguration;
			buildSettings = {
				ALWAYS_SEARCH_USER_PATHS = NO;
				CLANG_ANALYZER_NONNULL = YES;
				CLANG_ANALYZER_NUMBER_OBJECT_CONVERSION = YES_AGGRESSIVE;
				CLANG_CXX_LANGUAGE_STANDARD = "gnu++20";
				CLANG_ENABLE_MODULES = YES;
				CLANG_ENABLE_OBJC_ARC = YES;
				CLANG_ENABLE_OBJC_WEAK = YES;
				CLANG_WARN_BLOCK_CAPTURE_AUTORELEASING = YES;
				CLANG_WARN_BOOL_CONVERSION = YES;
				CLANG_WARN_COMMA = YES;
				CLANG_WARN_CONSTANT_CONVERSION = YES;
				CLANG_WARN_DEPRECATED_OBJC_IMPLEMENTATIONS = YES;
				CLANG_WARN_DIRECT_OBJC_ISA_USAGE = YES_ERROR;
				CLANG_WARN_DOCUMENTATION_COMMENTS = YES;
				CLANG_WARN_EMPTY_BODY = YES;
				CLANG_WARN_ENUM_CONVERSION = YES;
				CLANG_WARN_INFINITE_RECURSION = YES;
				CLANG_WARN_INT_CONVERSION = YES;
				CLANG_WARN_NON_LITERAL_NULL_CONVERSION = YES;
				CLANG_WARN_OBJC_IMPLICIT_RETAIN_SELF = YES;
				CLANG_WARN_OBJC_LITERAL_CONVERSION = YES;
				CLANG_WARN_OBJC_ROOT_CLASS = YES_ERROR;
				CLANG_WARN_QUOTED_INCLUDE_IN_FRAMEWORK_HEADER = YES;
				CLANG_WARN_RANGE_LOOP_ANALYSIS = YES;
				CLANG_WARN_STRICT_PROTOTYPES = YES;
				CLANG_WARN_SUSPICIOUS_MOVE = YES;
				CLANG_WARN_UNGUARDED_AVAILABILITY = YES_AGGRESSIVE;
				CLANG_WARN_UNREACHABLE_CODE = YES;
				CLANG_WARN__DUPLICATE_METHOD_MATCH = YES;
				COPY_PHASE_STRIP = NO;
				DEBUG_INFORMATION_FORMAT = dwarf;
				ENABLE_STRICT_OBJC_MSGSEND = YES;
				ENABLE_TESTABILITY = YES;
				GCC_C_LANGUAGE_STANDARD = gnu11;
				GCC_DYNAMIC_NO_PIC = NO;
				GCC_NO_COMMON_BLOCKS = YES;
				GCC_OPTIMIZATION_LEVEL = 0;
				GCC_PREPROCESSOR_DEFINITIONS = (
					"DEBUG=1",
					"$(inherited)",
				);
				GCC_WARN_64_TO_32_BIT_CONVERSION = YES;
				GCC_WARN_ABOUT_RETURN_TYPE = YES_ERROR;
				GCC_WARN_UNDECLARED_SELECTOR = YES;
				GCC_WARN_UNINITIALIZED_AUTOS = YES_AGGRESSIVE;
				GCC_WARN_UNUSED_FUNCTION = YES;
				GCC_WARN_UNUSED_VARIABLE = YES;
				IPHONEOS_DEPLOYMENT_TARGET = 16.4;
				MTL_ENABLE_DEBUG_INFO = INCLUDE_SOURCE;
				MTL_FAST_MATH = YES;
				ONLY_ACTIVE_ARCH = YES;
				SDKROOT = iphoneos;
				SWIFT_ACTIVE_COMPILATION_CONDITIONS = DEBUG;
				SWIFT_OPTIMIZATION_LEVEL = "-Onone";
			};
			name = Debug;
		};
		5A9B76632AC30C7500E77749 /* Release */ = {
			isa = XCBuildConfiguration;
			buildSettings = {
				ALWAYS_SEARCH_USER_PATHS = NO;
				CLANG_ANALYZER_NONNULL = YES;
				CLANG_ANALYZER_NUMBER_OBJECT_CONVERSION = YES_AGGRESSIVE;
				CLANG_CXX_LANGUAGE_STANDARD = "gnu++20";
				CLANG_ENABLE_MODULES = YES;
				CLANG_ENABLE_OBJC_ARC = YES;
				CLANG_ENABLE_OBJC_WEAK = YES;
				CLANG_WARN_BLOCK_CAPTURE_AUTORELEASING = YES;
				CLANG_WARN_BOOL_CONVERSION = YES;
				CLANG_WARN_COMMA = YES;
				CLANG_WARN_CONSTANT_CONVERSION = YES;
				CLANG_WARN_DEPRECATED_OBJC_IMPLEMENTATIONS = YES;
				CLANG_WARN_DIRECT_OBJC_ISA_USAGE = YES_ERROR;
				CLANG_WARN_DOCUMENTATION_COMMENTS = YES;
				CLANG_WARN_EMPTY_BODY = YES;
				CLANG_WARN_ENUM_CONVERSION = YES;
				CLANG_WARN_INFINITE_RECURSION = YES;
				CLANG_WARN_INT_CONVERSION = YES;
				CLANG_WARN_NON_LITERAL_NULL_CONVERSION = YES;
				CLANG_WARN_OBJC_IMPLICIT_RETAIN_SELF = YES;
				CLANG_WARN_OBJC_LITERAL_CONVERSION = YES;
				CLANG_WARN_OBJC_ROOT_CLASS = YES_ERROR;
				CLANG_WARN_QUOTED_INCLUDE_IN_FRAMEWORK_HEADER = YES;
				CLANG_WARN_RANGE_LOOP_ANALYSIS = YES;
				CLANG_WARN_STRICT_PROTOTYPES = YES;
				CLANG_WARN_SUSPICIOUS_MOVE = YES;
				CLANG_WARN_UNGUARDED_AVAILABILITY = YES_AGGRESSIVE;
				CLANG_WARN_UNREACHABLE_CODE = YES;
				CLANG_WARN__DUPLICATE_METHOD_MATCH = YES;
				COPY_PHASE_STRIP = NO;
				DEBUG_INFORMATION_FORMAT = "dwarf-with-dsym";
				ENABLE_NS_ASSERTIONS = NO;
				ENABLE_STRICT_OBJC_MSGSEND = YES;
				GCC_C_LANGUAGE_STANDARD = gnu11;
				GCC_NO_COMMON_BLOCKS = YES;
				GCC_WARN_64_TO_32_BIT_CONVERSION = YES;
				GCC_WARN_ABOUT_RETURN_TYPE = YES_ERROR;
				GCC_WARN_UNDECLARED_SELECTOR = YES;
				GCC_WARN_UNINITIALIZED_AUTOS = YES_AGGRESSIVE;
				GCC_WARN_UNUSED_FUNCTION = YES;
				GCC_WARN_UNUSED_VARIABLE = YES;
				IPHONEOS_DEPLOYMENT_TARGET = 16.4;
				MTL_ENABLE_DEBUG_INFO = NO;
				MTL_FAST_MATH = YES;
				SDKROOT = iphoneos;
				SWIFT_COMPILATION_MODE = wholemodule;
				SWIFT_OPTIMIZATION_LEVEL = "-O";
				VALIDATE_PRODUCT = YES;
			};
			name = Release;
		};
		5A9B76652AC30C7500E77749 /* Debug */ = {
			isa = XCBuildConfiguration;
			buildSettings = {
				ASSETCATALOG_COMPILER_APPICON_NAME = AppIcon;
				ASSETCATALOG_COMPILER_GLOBAL_ACCENT_COLOR_NAME = AccentColor;
				CODE_SIGN_STYLE = Automatic;
				CURRENT_PROJECT_VERSION = 1;
				GENERATE_INFOPLIST_FILE = YES;
				INFOPLIST_FILE = IsteGelsinClone/Info.plist;
				INFOPLIST_KEY_UIApplicationSupportsIndirectInputEvents = YES;
				INFOPLIST_KEY_UILaunchStoryboardName = LaunchScreen;
				INFOPLIST_KEY_UIMainStoryboardFile = Main;
				INFOPLIST_KEY_UISupportedInterfaceOrientations_iPad = "UIInterfaceOrientationPortrait UIInterfaceOrientationPortraitUpsideDown UIInterfaceOrientationLandscapeLeft UIInterfaceOrientationLandscapeRight";
				INFOPLIST_KEY_UISupportedInterfaceOrientations_iPhone = "UIInterfaceOrientationPortrait UIInterfaceOrientationLandscapeLeft UIInterfaceOrientationLandscapeRight";
				LD_RUNPATH_SEARCH_PATHS = (
					"$(inherited)",
					"@executable_path/Frameworks",
				);
				MARKETING_VERSION = 1.0;
				PRODUCT_BUNDLE_IDENTIFIER = com.IsteGelsinClone;
				PRODUCT_NAME = "$(TARGET_NAME)";
				SWIFT_EMIT_LOC_STRINGS = YES;
				SWIFT_VERSION = 5.0;
				TARGETED_DEVICE_FAMILY = "1,2";
			};
			name = Debug;
		};
		5A9B76662AC30C7500E77749 /* Release */ = {
			isa = XCBuildConfiguration;
			buildSettings = {
				ASSETCATALOG_COMPILER_APPICON_NAME = AppIcon;
				ASSETCATALOG_COMPILER_GLOBAL_ACCENT_COLOR_NAME = AccentColor;
				CODE_SIGN_STYLE = Automatic;
				CURRENT_PROJECT_VERSION = 1;
				GENERATE_INFOPLIST_FILE = YES;
				INFOPLIST_FILE = IsteGelsinClone/Info.plist;
				INFOPLIST_KEY_UIApplicationSupportsIndirectInputEvents = YES;
				INFOPLIST_KEY_UILaunchStoryboardName = LaunchScreen;
				INFOPLIST_KEY_UIMainStoryboardFile = Main;
				INFOPLIST_KEY_UISupportedInterfaceOrientations_iPad = "UIInterfaceOrientationPortrait UIInterfaceOrientationPortraitUpsideDown UIInterfaceOrientationLandscapeLeft UIInterfaceOrientationLandscapeRight";
				INFOPLIST_KEY_UISupportedInterfaceOrientations_iPhone = "UIInterfaceOrientationPortrait UIInterfaceOrientationLandscapeLeft UIInterfaceOrientationLandscapeRight";
				LD_RUNPATH_SEARCH_PATHS = (
					"$(inherited)",
					"@executable_path/Frameworks",
				);
				MARKETING_VERSION = 1.0;
				PRODUCT_BUNDLE_IDENTIFIER = com.IsteGelsinClone;
				PRODUCT_NAME = "$(TARGET_NAME)";
				SWIFT_EMIT_LOC_STRINGS = YES;
				SWIFT_VERSION = 5.0;
				TARGETED_DEVICE_FAMILY = "1,2";
			};
			name = Release;
		};
/* End XCBuildConfiguration section */

/* Begin XCConfigurationList section */
		5A9B764B2AC30C7400E77749 /* Build configuration list for PBXProject "IsteGelsinClone" */ = {
			isa = XCConfigurationList;
			buildConfigurations = (
				5A9B76622AC30C7500E77749 /* Debug */,
				5A9B76632AC30C7500E77749 /* Release */,
			);
			defaultConfigurationIsVisible = 0;
			defaultConfigurationName = Release;
		};
		5A9B76642AC30C7500E77749 /* Build configuration list for PBXNativeTarget "IsteGelsinClone" */ = {
			isa = XCConfigurationList;
			buildConfigurations = (
				5A9B76652AC30C7500E77749 /* Debug */,
				5A9B76662AC30C7500E77749 /* Release */,
			);
			defaultConfigurationIsVisible = 0;
			defaultConfigurationName = Release;
		};
/* End XCConfigurationList section */
	};
	rootObject = 5A9B76482AC30C7400E77749 /* Project object */;
}
